
Microsoft Visual Studio Solution File, Format Version 11.00
# Visual Studio 2010
Project("{8BC9CEB8-8B4A-11D0-8D11-00A0C91BC942}") = "ModelConvert", "ModelConvert\ModelConvert.vcxproj", "{B11DE602-60F8-460F-B46F-4D13A315F3A5}"
EndProject
Project("{8BC9CEB8-8B4A-11D0-8D11-00A0C91BC942}") = "ArticleConvert", "ArticleConvert\ArticleConvert.vcxproj", "{9447F164-01D6-4BAE-A357-92D08FB378B7}"
EndProject
Project("{8BC9CEB8-8B4A-11D0-8D11-00A0C91BC942}") = "E2DB", "E2DB\E2DB.vcxproj", "{690E9D2D-4E9A-4F3D-AA99-4186D577930D}"
EndProject
Project("{8BC9CEB8-8B4A-11D0-8D11-00A0C91BC942}") = "JMConvert", "JMConvert\JMConvert.vcxproj", "{D4AD7A86-DF21-4302-BC3E-1731BBBBC621}"
EndProject
Project("{8BC9CEB8-8B4A-11D0-8D11-00A0C91BC942}") = "VendorConvert", "VendorConvert\VendorConvert.vcxproj", "{4ABF66F9-26C1-44B1-8A8F-B25C0C822A6E}"
EndProject
Project("{8BC9CEB8-8B4A-11D0-8D11-00A0C91BC942}") = "OEUnify", "OEUnify\OEUnify.vcxproj", "{49D40EA2-C5CA-418F-898F-B99B969E564C}"
EndProject
Project("{8BC9CEB8-8B4A-11D0-8D11-00A0C91BC942}") = "OEFind", "OEFind\OEFind.vcxproj", "{D9D30A18-A4E8-4A96-9E21-DE1C757363C9}"
EndProject
Project("{8BC9CEB8-8B4A-11D0-8D11-00A0C91BC942}") = "FileEncryption", "FileEncryption\FileEncryption.vcxproj", "{5B449126-D333-48EB-9713-C4D716CC785D}"
EndProject
Global
	GlobalSection(SolutionConfigurationPlatforms) = preSolution
		Debug|Win32 = Debug|Win32
		Debug|x64 = Debug|x64
		Release|Win32 = Release|Win32
		Release|x64 = Release|x64
	EndGlobalSection
	GlobalSection(ProjectConfigurationPlatforms) = postSolution
		{B11DE602-60F8-460F-B46F-4D13A315F3A5}.Debug|Win32.ActiveCfg = Debug|Win32
		{B11DE602-60F8-460F-B46F-4D13A315F3A5}.Debug|Win32.Build.0 = Debug|Win32
		{B11DE602-60F8-460F-B46F-4D13A315F3A5}.Debug|x64.ActiveCfg = Debug|x64
		{B11DE602-60F8-460F-B46F-4D13A315F3A5}.Debug|x64.Build.0 = Debug|x64
		{B11DE602-60F8-460F-B46F-4D13A315F3A5}.Release|Win32.ActiveCfg = Release|Win32
		{B11DE602-60F8-460F-B46F-4D13A315F3A5}.Release|Win32.Build.0 = Release|Win32
		{B11DE602-60F8-460F-B46F-4D13A315F3A5}.Release|x64.ActiveCfg = Release|x64
		{B11DE602-60F8-460F-B46F-4D13A315F3A5}.Release|x64.Build.0 = Release|x64
		{9447F164-01D6-4BAE-A357-92D08FB378B7}.Debug|Win32.ActiveCfg = Debug|Win32
		{9447F164-01D6-4BAE-A357-92D08FB378B7}.Debug|Win32.Build.0 = Debug|Win32
		{9447F164-01D6-4BAE-A357-92D08FB378B7}.Debug|x64.ActiveCfg = Debug|x64
		{9447F164-01D6-4BAE-A357-92D08FB378B7}.Debug|x64.Build.0 = Debug|x64
		{9447F164-01D6-4BAE-A357-92D08FB378B7}.Release|Win32.ActiveCfg = Release|Win32
		{9447F164-01D6-4BAE-A357-92D08FB378B7}.Release|Win32.Build.0 = Release|Win32
		{9447F164-01D6-4BAE-A357-92D08FB378B7}.Release|x64.ActiveCfg = Release|x64
		{9447F164-01D6-4BAE-A357-92D08FB378B7}.Release|x64.Build.0 = Release|x64
		{690E9D2D-4E9A-4F3D-AA99-4186D577930D}.Debug|Win32.ActiveCfg = Debug|Win32
		{690E9D2D-4E9A-4F3D-AA99-4186D577930D}.Debug|Win32.Build.0 = Debug|Win32
		{690E9D2D-4E9A-4F3D-AA99-4186D577930D}.Debug|x64.ActiveCfg = Debug|x64
		{690E9D2D-4E9A-4F3D-AA99-4186D577930D}.Debug|x64.Build.0 = Debug|x64
		{690E9D2D-4E9A-4F3D-AA99-4186D577930D}.Release|Win32.ActiveCfg = Release|Win32
		{690E9D2D-4E9A-4F3D-AA99-4186D577930D}.Release|Win32.Build.0 = Release|Win32
		{690E9D2D-4E9A-4F3D-AA99-4186D577930D}.Release|x64.ActiveCfg = Release|x64
		{690E9D2D-4E9A-4F3D-AA99-4186D577930D}.Release|x64.Build.0 = Release|x64
		{D4AD7A86-DF21-4302-BC3E-1731BBBBC621}.Debug|Win32.ActiveCfg = Debug|Win32
		{D4AD7A86-DF21-4302-BC3E-1731BBBBC621}.Debug|Win32.Build.0 = Debug|Win32
		{D4AD7A86-DF21-4302-BC3E-1731BBBBC621}.Debug|x64.ActiveCfg = Debug|x64
		{D4AD7A86-DF21-4302-BC3E-1731BBBBC621}.Debug|x64.Build.0 = Debug|x64
		{D4AD7A86-DF21-4302-BC3E-1731BBBBC621}.Release|Win32.ActiveCfg = Release|Win32
		{D4AD7A86-DF21-4302-BC3E-1731BBBBC621}.Release|Win32.Build.0 = Release|Win32
		{D4AD7A86-DF21-4302-BC3E-1731BBBBC621}.Release|x64.ActiveCfg = Release|x64
		{D4AD7A86-DF21-4302-BC3E-1731BBBBC621}.Release|x64.Build.0 = Release|x64
		{4ABF66F9-26C1-44B1-8A8F-B25C0C822A6E}.Debug|Win32.ActiveCfg = Debug|Win32
		{4ABF66F9-26C1-44B1-8A8F-B25C0C822A6E}.Debug|Win32.Build.0 = Debug|Win32
		{4ABF66F9-26C1-44B1-8A8F-B25C0C822A6E}.Debug|x64.ActiveCfg = Debug|x64
		{4ABF66F9-26C1-44B1-8A8F-B25C0C822A6E}.Debug|x64.Build.0 = Debug|x64
		{4ABF66F9-26C1-44B1-8A8F-B25C0C822A6E}.Release|Win32.ActiveCfg = Release|Win32
		{4ABF66F9-26C1-44B1-8A8F-B25C0C822A6E}.Release|Win32.Build.0 = Release|Win32
		{4ABF66F9-26C1-44B1-8A8F-B25C0C822A6E}.Release|x64.ActiveCfg = Release|x64
		{4ABF66F9-26C1-44B1-8A8F-B25C0C822A6E}.Release|x64.Build.0 = Release|x64
		{49D40EA2-C5CA-418F-898F-B99B969E564C}.Debug|Win32.ActiveCfg = Debug|Win32
		{49D40EA2-C5CA-418F-898F-B99B969E564C}.Debug|Win32.Build.0 = Debug|Win32
		{49D40EA2-C5CA-418F-898F-B99B969E564C}.Debug|x64.ActiveCfg = Debug|x64
		{49D40EA2-C5CA-418F-898F-B99B969E564C}.Debug|x64.Build.0 = Debug|x64
		{49D40EA2-C5CA-418F-898F-B99B969E564C}.Release|Win32.ActiveCfg = Release|Win32
		{49D40EA2-C5CA-418F-898F-B99B969E564C}.Release|Win32.Build.0 = Release|Win32
		{49D40EA2-C5CA-418F-898F-B99B969E564C}.Release|x64.ActiveCfg = Release|x64
		{49D40EA2-C5CA-418F-898F-B99B969E564C}.Release|x64.Build.0 = Release|x64
		{D9D30A18-A4E8-4A96-9E21-DE1C757363C9}.Debug|Win32.ActiveCfg = Debug|Win32
		{D9D30A18-A4E8-4A96-9E21-DE1C757363C9}.Debug|Win32.Build.0 = Debug|Win32
		{D9D30A18-A4E8-4A96-9E21-DE1C757363C9}.Debug|x64.ActiveCfg = Debug|Win32
		{D9D30A18-A4E8-4A96-9E21-DE1C757363C9}.Release|Win32.ActiveCfg = Release|Win32
		{D9D30A18-A4E8-4A96-9E21-DE1C757363C9}.Release|Win32.Build.0 = Release|Win32
		{D9D30A18-A4E8-4A96-9E21-DE1C757363C9}.Release|x64.ActiveCfg = Release|Win32
		{5B449126-D333-48EB-9713-C4D716CC785D}.Debug|Win32.ActiveCfg = Debug|Win32
		{5B449126-D333-48EB-9713-C4D716CC785D}.Debug|Win32.Build.0 = Debug|Win32
		{5B449126-D333-48EB-9713-C4D716CC785D}.Debug|x64.ActiveCfg = Debug|Win32
		{5B449126-D333-48EB-9713-C4D716CC785D}.Release|Win32.ActiveCfg = Release|Win32
		{5B449126-D333-48EB-9713-C4D716CC785D}.Release|Win32.Build.0 = Release|Win32
		{5B449126-D333-48EB-9713-C4D716CC785D}.Release|x64.ActiveCfg = Release|Win32
	EndGlobalSection
	GlobalSection(SolutionProperties) = preSolution
		HideSolutionNode = FALSE
	EndGlobalSection
EndGlobal
